
Microsoft Visual Studio Solution File, Format Version 12.00
# Visual Studio Version 17
VisualStudioVersion = 17.5.002.0
MinimumVisualStudioVersion = 10.0.40219.1
Project("{FAE04EC0-301F-11D3-BF4B-00C04F79EFBC}") = "Pinball.API", "Pinball.API\Pinball.API.csproj", "{34C26638-5D73-4AD0-BE5B-E1B9AF39E8B1}"
EndProject
Project("{FAE04EC0-301F-11D3-BF4B-00C04F79EFBC}") = "Pinball.TEST", "Pinball.TEST\Pinball.TEST.csproj", "{0FDB1E3A-6F3C-4076-B69D-2EAC1B8D71FC}"
EndProject
Global
	GlobalSection(SolutionConfigurationPlatforms) = preSolution
		Debug|Any CPU = Debug|Any CPU
		Release|Any CPU = Release|Any CPU
	EndGlobalSection
	GlobalSection(ProjectConfigurationPlatforms) = postSolution
		{F4E35629-845D-47E6-AB51-E08D94D31145}.Debug|Any CPU.ActiveCfg = Debug|Any CPU
		{F4E35629-845D-47E6-AB51-E08D94D31145}.Debug|Any CPU.Build.0 = Debug|Any CPU
		{F4E35629-845D-47E6-AB51-E08D94D31145}.Release|Any CPU.ActiveCfg = Release|Any CPU
		{F4E35629-845D-47E6-AB51-E08D94D31145}.Release|Any CPU.Build.0 = Release|Any CPU
		{34C26638-5D73-4AD0-BE5B-E1B9AF39E8B1}.Debug|Any CPU.ActiveCfg = Debug|Any CPU
		{34C26638-5D73-4AD0-BE5B-E1B9AF39E8B1}.Debug|Any CPU.Build.0 = Debug|Any CPU
		{34C26638-5D73-4AD0-BE5B-E1B9AF39E8B1}.Release|Any CPU.ActiveCfg = Release|Any CPU
		{34C26638-5D73-4AD0-BE5B-E1B9AF39E8B1}.Release|Any CPU.Build.0 = Release|Any CPU
		{0FDB1E3A-6F3C-4076-B69D-2EAC1B8D71FC}.Debug|Any CPU.ActiveCfg = Debug|Any CPU
		{0FDB1E3A-6F3C-4076-B69D-2EAC1B8D71FC}.Debug|Any CPU.Build.0 = Debug|Any CPU
		{0FDB1E3A-6F3C-4076-B69D-2EAC1B8D71FC}.Release|Any CPU.ActiveCfg = Release|Any CPU
		{0FDB1E3A-6F3C-4076-B69D-2EAC1B8D71FC}.Release|Any CPU.Build.0 = Release|Any CPU
	EndGlobalSection
	GlobalSection(SolutionProperties) = preSolution
		HideSolutionNode = FALSE
	EndGlobalSection
	GlobalSection(ExtensibilityGlobals) = postSolution
		SolutionGuid = {D4360717-D8D8-4185-8D38-78B645238950}
	EndGlobalSection
EndGlobal
